github.com/hyperledger/fabric-chaincode-go v0.0.0-20230228194215-b84622ba6a7a h1:HwSCxEeiBthwcazcAykGATQ36oG9M+HEQvGLvB7aLvA=
github.com/hyperledger/fabric-chaincode-go v0.0.0-20230228194215-b84622ba6a7a/go.mod h1:TDSu9gxURldEnaGSFbH1eMlfSQBWQcMQfnDBcpQv5lU=
github.com/hyperledger/fabric-protos-go v0.3.0 h1:MXxy44WTMENOh5TI8+PCK2x6pMj47Go2vFRKDHB2PZs=
github.com/hyperledger/fabric-protos-go v0.3.0/go.mod h1:WWnyWP40P2roPmmvxsUXSvVI/CF6vwY1K1UFidnKBys=